
Microsoft Visual Studio Solution File, Format Version 12.00
# Visual Studio 15
VisualStudioVersion = 15.0.27428.2005
MinimumVisualStudioVersion = 10.0.40219.1
Project("{FAE04EC0-301F-11D3-BF4B-00C04F79EFBC}") = "TestRSS.DAL", "TestRSS.DAL\TestRSS.DAL.csproj", "{DE1FF09B-91A1-4353-AAAB-7C3B5C0D91E6}"
EndProject
Project("{FAE04EC0-301F-11D3-BF4B-00C04F79EFBC}") = "TestRSS.BLL", "TestRSS.BLL\TestRSS.BLL.csproj", "{B7B3BBF1-BFDC-41F2-8F2F-E55EF24F21BA}"
EndProject
Project("{FAE04EC0-301F-11D3-BF4B-00C04F79EFBC}") = "RSSReaderWEB", "RSSReaderWEB\RSSReaderWEB.csproj", "{C063BD9D-8178-4D3C-9844-9A805170F4F2}"
EndProject
Project("{FAE04EC0-301F-11D3-BF4B-00C04F79EFBC}") = "TestRSS.Consl", "TestRSS.Consl\TestRSS.Consl.csproj", "{5F6F84E0-FF29-4FC0-9AAC-45437195BDC2}"
EndProject
Global
	GlobalSection(SolutionConfigurationPlatforms) = preSolution
		Debug|Any CPU = Debug|Any CPU
		Release|Any CPU = Release|Any CPU
	EndGlobalSection
	GlobalSection(ProjectConfigurationPlatforms) = postSolution
		{DE1FF09B-91A1-4353-AAAB-7C3B5C0D91E6}.Debug|Any CPU.ActiveCfg = Debug|Any CPU
		{DE1FF09B-91A1-4353-AAAB-7C3B5C0D91E6}.Debug|Any CPU.Build.0 = Debug|Any CPU
		{DE1FF09B-91A1-4353-AAAB-7C3B5C0D91E6}.Release|Any CPU.ActiveCfg = Release|Any CPU
		{DE1FF09B-91A1-4353-AAAB-7C3B5C0D91E6}.Release|Any CPU.Build.0 = Release|Any CPU
		{B7B3BBF1-BFDC-41F2-8F2F-E55EF24F21BA}.Debug|Any CPU.ActiveCfg = Debug|Any CPU
		{B7B3BBF1-BFDC-41F2-8F2F-E55EF24F21BA}.Debug|Any CPU.Build.0 = Debug|Any CPU
		{B7B3BBF1-BFDC-41F2-8F2F-E55EF24F21BA}.Release|Any CPU.ActiveCfg = Release|Any CPU
		{B7B3BBF1-BFDC-41F2-8F2F-E55EF24F21BA}.Release|Any CPU.Build.0 = Release|Any CPU
		{C063BD9D-8178-4D3C-9844-9A805170F4F2}.Debug|Any CPU.ActiveCfg = Debug|Any CPU
		{C063BD9D-8178-4D3C-9844-9A805170F4F2}.Debug|Any CPU.Build.0 = Debug|Any CPU
		{C063BD9D-8178-4D3C-9844-9A805170F4F2}.Release|Any CPU.ActiveCfg = Release|Any CPU
		{C063BD9D-8178-4D3C-9844-9A805170F4F2}.Release|Any CPU.Build.0 = Release|Any CPU
		{5F6F84E0-FF29-4FC0-9AAC-45437195BDC2}.Debug|Any CPU.ActiveCfg = Debug|Any CPU
		{5F6F84E0-FF29-4FC0-9AAC-45437195BDC2}.Debug|Any CPU.Build.0 = Debug|Any CPU
		{5F6F84E0-FF29-4FC0-9AAC-45437195BDC2}.Release|Any CPU.ActiveCfg = Release|Any CPU
		{5F6F84E0-FF29-4FC0-9AAC-45437195BDC2}.Release|Any CPU.Build.0 = Release|Any CPU
	EndGlobalSection
	GlobalSection(SolutionProperties) = preSolution
		HideSolutionNode = FALSE
	EndGlobalSection
	GlobalSection(ExtensibilityGlobals) = postSolution
		SolutionGuid = {0CA044F0-CB66-475E-AC10-2205020A3C47}
	EndGlobalSection
EndGlobal
